// !$*UTF8*$!
{
	archiveVersion = 1;
	classes = {
	};
	objectVersion = 55;
	objects = {

/* Begin PBXBuildFile section */
		458E1F982847FF9200F113AA /* ApolloService.swift in Sources */ = {isa = PBXBuildFile; fileRef = 458E1F972847FF9200F113AA /* ApolloService.swift */; };
		458E1F9A2847FFAB00F113AA /* Queries.graphql in Resources */ = {isa = PBXBuildFile; fileRef = 458E1F992847FFAB00F113AA /* Queries.graphql */; };
		458E1FA3284800A600F113AA /* schema.json in Resources */ = {isa = PBXBuildFile; fileRef = 458E1FA2284800A600F113AA /* schema.json */; };
		458E1FAE2848059F00F113AA /* Apollo in Frameworks */ = {isa = PBXBuildFile; productRef = 458E1FAD2848059F00F113AA /* Apollo */; };
		458E1FB02848059F00F113AA /* ApolloAPI in Frameworks */ = {isa = PBXBuildFile; productRef = 458E1FAF2848059F00F113AA /* ApolloAPI */; };
		458E1FB22848059F00F113AA /* ApolloCodegenLib in Frameworks */ = {isa = PBXBuildFile; productRef = 458E1FB12848059F00F113AA /* ApolloCodegenLib */; };
		458E1FB42848077500F113AA /* API.swift in Sources */ = {isa = PBXBuildFile; fileRef = 458E1FB32848077500F113AA /* API.swift */; };
		458E1FB928480EDD00F113AA /* PokemonListService.swift in Sources */ = {isa = PBXBuildFile; fileRef = 458E1FB828480EDD00F113AA /* PokemonListService.swift */; };
		458E1FBB28480EED00F113AA /* PokemonDetailsService.swift in Sources */ = {isa = PBXBuildFile; fileRef = 458E1FBA28480EED00F113AA /* PokemonDetailsService.swift */; };
		458E1FBF284817DB00F113AA /* NetworkError.swift in Sources */ = {isa = PBXBuildFile; fileRef = 458E1FBE284817DB00F113AA /* NetworkError.swift */; };
		458E1FC228481CD800F113AA /* PokemonDex.swift in Sources */ = {isa = PBXBuildFile; fileRef = 458E1FC128481CD800F113AA /* PokemonDex.swift */; };
		459FDDD52848466C00694C43 /* PokemonCell.swift in Sources */ = {isa = PBXBuildFile; fileRef = 459FDDD42848466C00694C43 /* PokemonCell.swift */; };
		459FDDD828485AFA00694C43 /* View+Extension.swift in Sources */ = {isa = PBXBuildFile; fileRef = 459FDDD728485AFA00694C43 /* View+Extension.swift */; };
		459FDDDA2848673A00694C43 /* Color+Extension.swift in Sources */ = {isa = PBXBuildFile; fileRef = 459FDDD92848673A00694C43 /* Color+Extension.swift */; };
		459FDDDE2848769D00694C43 /* PokemonListResponse.swift in Sources */ = {isa = PBXBuildFile; fileRef = 459FDDDD2848769D00694C43 /* PokemonListResponse.swift */; };
		459FDDE1284880FD00694C43 /* PokemonListViewModel.swift in Sources */ = {isa = PBXBuildFile; fileRef = 459FDDE0284880FD00694C43 /* PokemonListViewModel.swift */; };
		459FDDE42849009000694C43 /* Int+Extension.swift in Sources */ = {isa = PBXBuildFile; fileRef = 459FDDE32849009000694C43 /* Int+Extension.swift */; };
		459FDDE72849047000694C43 /* Avatar.swift in Sources */ = {isa = PBXBuildFile; fileRef = 459FDDE62849047000694C43 /* Avatar.swift */; };
		459FDDE928490B1400694C43 /* PokemonListView.swift in Sources */ = {isa = PBXBuildFile; fileRef = 459FDDE828490B1400694C43 /* PokemonListView.swift */; };
		459FDDEF2849579D00694C43 /* PokemonDetailsView.swift in Sources */ = {isa = PBXBuildFile; fileRef = 459FDDEE2849579D00694C43 /* PokemonDetailsView.swift */; };
		459FDDF128495AF800694C43 /* RoundedCorner.swift in Sources */ = {isa = PBXBuildFile; fileRef = 459FDDF028495AF800694C43 /* RoundedCorner.swift */; };
		459FDDF328496B6600694C43 /* UINavigationController+Extension.swift in Sources */ = {isa = PBXBuildFile; fileRef = 459FDDF228496B6600694C43 /* UINavigationController+Extension.swift */; };
		459FDDF728496E3500694C43 /* PokemonDetailsViewModel.swift in Sources */ = {isa = PBXBuildFile; fileRef = 459FDDF628496E3500694C43 /* PokemonDetailsViewModel.swift */; };
		459FDDF928496E6000694C43 /* Pokemon.swift in Sources */ = {isa = PBXBuildFile; fileRef = 459FDDF828496E6000694C43 /* Pokemon.swift */; };
		45AB500C2848408A00A0511E /* RestfulService.swift in Sources */ = {isa = PBXBuildFile; fileRef = 45AB500B2848408A00A0511E /* RestfulService.swift */; };
		45AB500E2848434600A0511E /* PokemonDetailsResponse.swift in Sources */ = {isa = PBXBuildFile; fileRef = 45AB500D2848434600A0511E /* PokemonDetailsResponse.swift */; };
		45D8AE002847FE9000F5D4E6 /* PokemonApp.swift in Sources */ = {isa = PBXBuildFile; fileRef = 45D8ADFF2847FE9000F5D4E6 /* PokemonApp.swift */; };
		45D8AE022847FE9000F5D4E6 /* ContentView.swift in Sources */ = {isa = PBXBuildFile; fileRef = 45D8AE012847FE9000F5D4E6 /* ContentView.swift */; };
		45D8AE042847FE9200F5D4E6 /* Assets.xcassets in Resources */ = {isa = PBXBuildFile; fileRef = 45D8AE032847FE9200F5D4E6 /* Assets.xcassets */; };
		45D8AE072847FE9200F5D4E6 /* Preview Assets.xcassets in Resources */ = {isa = PBXBuildFile; fileRef = 45D8AE062847FE9200F5D4E6 /* Preview Assets.xcassets */; };
		45D8AE112847FE9300F5D4E6 /* PokemonTests.swift in Sources */ = {isa = PBXBuildFile; fileRef = 45D8AE102847FE9300F5D4E6 /* PokemonTests.swift */; };
		45D8AE1B2847FE9300F5D4E6 /* PokemonUITests.swift in Sources */ = {isa = PBXBuildFile; fileRef = 45D8AE1A2847FE9300F5D4E6 /* PokemonUITests.swift */; };
		45D8AE1D2847FE9300F5D4E6 /* PokemonUITestsLaunchTests.swift in Sources */ = {isa = PBXBuildFile; fileRef = 45D8AE1C2847FE9300F5D4E6 /* PokemonUITestsLaunchTests.swift */; };
/* End PBXBuildFile section */

/* Begin PBXContainerItemProxy section */
		45D8AE0D2847FE9300F5D4E6 /* PBXContainerItemProxy */ = {
			isa = PBXContainerItemProxy;
			containerPortal = 45D8ADF42847FE9000F5D4E6 /* Project object */;
			proxyType = 1;
			remoteGlobalIDString = 45D8ADFB2847FE9000F5D4E6;
			remoteInfo = Pokemon;
		};
		45D8AE172847FE9300F5D4E6 /* PBXContainerItemProxy */ = {
			isa = PBXContainerItemProxy;
			containerPortal = 45D8ADF42847FE9000F5D4E6 /* Project object */;
			proxyType = 1;
			remoteGlobalIDString = 45D8ADFB2847FE9000F5D4E6;
			remoteInfo = Pokemon;
		};
/* End PBXContainerItemProxy section */

/* Begin PBXFileReference section */
		458E1F972847FF9200F113AA /* ApolloService.swift */ = {isa = PBXFileReference; lastKnownFileType = sourcecode.swift; path = ApolloService.swift; sourceTree = "<group>"; };
		458E1F992847FFAB00F113AA /* Queries.graphql */ = {isa = PBXFileReference; lastKnownFileType = text; path = Queries.graphql; sourceTree = "<group>"; };
		458E1FA2284800A600F113AA /* schema.json */ = {isa = PBXFileReference; fileEncoding = 4; lastKnownFileType = text.json; path = schema.json; sourceTree = "<group>"; };
		458E1FB32848077500F113AA /* API.swift */ = {isa = PBXFileReference; fileEncoding = 4; lastKnownFileType = sourcecode.swift; path = API.swift; sourceTree = "<group>"; };
		458E1FB828480EDD00F113AA /* PokemonListService.swift */ = {isa = PBXFileReference; lastKnownFileType = sourcecode.swift; path = PokemonListService.swift; sourceTree = "<group>"; };
		458E1FBA28480EED00F113AA /* PokemonDetailsService.swift */ = {isa = PBXFileReference; lastKnownFileType = sourcecode.swift; path = PokemonDetailsService.swift; sourceTree = "<group>"; };
		458E1FBE284817DB00F113AA /* NetworkError.swift */ = {isa = PBXFileReference; lastKnownFileType = sourcecode.swift; path = NetworkError.swift; sourceTree = "<group>"; };
		458E1FC128481CD800F113AA /* PokemonDex.swift */ = {isa = PBXFileReference; lastKnownFileType = sourcecode.swift; path = PokemonDex.swift; sourceTree = "<group>"; };
		459FDDD42848466C00694C43 /* PokemonCell.swift */ = {isa = PBXFileReference; lastKnownFileType = sourcecode.swift; path = PokemonCell.swift; sourceTree = "<group>"; };
		459FDDD728485AFA00694C43 /* View+Extension.swift */ = {isa = PBXFileReference; lastKnownFileType = sourcecode.swift; path = "View+Extension.swift"; sourceTree = "<group>"; };
		459FDDD92848673A00694C43 /* Color+Extension.swift */ = {isa = PBXFileReference; lastKnownFileType = sourcecode.swift; path = "Color+Extension.swift"; sourceTree = "<group>"; };
		459FDDDD2848769D00694C43 /* PokemonListResponse.swift */ = {isa = PBXFileReference; lastKnownFileType = sourcecode.swift; path = PokemonListResponse.swift; sourceTree = "<group>"; };
		459FDDE0284880FD00694C43 /* PokemonListViewModel.swift */ = {isa = PBXFileReference; lastKnownFileType = sourcecode.swift; path = PokemonListViewModel.swift; sourceTree = "<group>"; };
		459FDDE32849009000694C43 /* Int+Extension.swift */ = {isa = PBXFileReference; lastKnownFileType = sourcecode.swift; path = "Int+Extension.swift"; sourceTree = "<group>"; };
		459FDDE62849047000694C43 /* Avatar.swift */ = {isa = PBXFileReference; lastKnownFileType = sourcecode.swift; path = Avatar.swift; sourceTree = "<group>"; };
		459FDDE828490B1400694C43 /* PokemonListView.swift */ = {isa = PBXFileReference; lastKnownFileType = sourcecode.swift; path = PokemonListView.swift; sourceTree = "<group>"; };
		459FDDEE2849579D00694C43 /* PokemonDetailsView.swift */ = {isa = PBXFileReference; lastKnownFileType = sourcecode.swift; path = PokemonDetailsView.swift; sourceTree = "<group>"; };
		459FDDF028495AF800694C43 /* RoundedCorner.swift */ = {isa = PBXFileReference; lastKnownFileType = sourcecode.swift; path = RoundedCorner.swift; sourceTree = "<group>"; };
		459FDDF228496B6600694C43 /* UINavigationController+Extension.swift */ = {isa = PBXFileReference; lastKnownFileType = sourcecode.swift; path = "UINavigationController+Extension.swift"; sourceTree = "<group>"; };
		459FDDF628496E3500694C43 /* PokemonDetailsViewModel.swift */ = {isa = PBXFileReference; lastKnownFileType = sourcecode.swift; path = PokemonDetailsViewModel.swift; sourceTree = "<group>"; };
		459FDDF828496E6000694C43 /* Pokemon.swift */ = {isa = PBXFileReference; lastKnownFileType = sourcecode.swift; path = Pokemon.swift; sourceTree = "<group>"; };
		45AB500B2848408A00A0511E /* RestfulService.swift */ = {isa = PBXFileReference; lastKnownFileType = sourcecode.swift; path = RestfulService.swift; sourceTree = "<group>"; };
		45AB500D2848434600A0511E /* PokemonDetailsResponse.swift */ = {isa = PBXFileReference; lastKnownFileType = sourcecode.swift; path = PokemonDetailsResponse.swift; sourceTree = "<group>"; };
		45D8ADFC2847FE9000F5D4E6 /* Pokemon.app */ = {isa = PBXFileReference; explicitFileType = wrapper.application; includeInIndex = 0; path = Pokemon.app; sourceTree = BUILT_PRODUCTS_DIR; };
		45D8ADFF2847FE9000F5D4E6 /* PokemonApp.swift */ = {isa = PBXFileReference; lastKnownFileType = sourcecode.swift; path = PokemonApp.swift; sourceTree = "<group>"; };
		45D8AE012847FE9000F5D4E6 /* ContentView.swift */ = {isa = PBXFileReference; lastKnownFileType = sourcecode.swift; path = ContentView.swift; sourceTree = "<group>"; };
		45D8AE032847FE9200F5D4E6 /* Assets.xcassets */ = {isa = PBXFileReference; lastKnownFileType = folder.assetcatalog; path = Assets.xcassets; sourceTree = "<group>"; };
		45D8AE062847FE9200F5D4E6 /* Preview Assets.xcassets */ = {isa = PBXFileReference; lastKnownFileType = folder.assetcatalog; path = "Preview Assets.xcassets"; sourceTree = "<group>"; };
		45D8AE0C2847FE9300F5D4E6 /* PokemonTests.xctest */ = {isa = PBXFileReference; explicitFileType = wrapper.cfbundle; includeInIndex = 0; path = PokemonTests.xctest; sourceTree = BUILT_PRODUCTS_DIR; };
		45D8AE102847FE9300F5D4E6 /* PokemonTests.swift */ = {isa = PBXFileReference; lastKnownFileType = sourcecode.swift; path = PokemonTests.swift; sourceTree = "<group>"; };
		45D8AE162847FE9300F5D4E6 /* PokemonUITests.xctest */ = {isa = PBXFileReference; explicitFileType = wrapper.cfbundle; includeInIndex = 0; path = PokemonUITests.xctest; sourceTree = BUILT_PRODUCTS_DIR; };
		45D8AE1A2847FE9300F5D4E6 /* PokemonUITests.swift */ = {isa = PBXFileReference; lastKnownFileType = sourcecode.swift; path = PokemonUITests.swift; sourceTree = "<group>"; };
		45D8AE1C2847FE9300F5D4E6 /* PokemonUITestsLaunchTests.swift */ = {isa = PBXFileReference; lastKnownFileType = sourcecode.swift; path = PokemonUITestsLaunchTests.swift; sourceTree = "<group>"; };
/* End PBXFileReference section */

/* Begin PBXFrameworksBuildPhase section */
		45D8ADF92847FE9000F5D4E6 /* Frameworks */ = {
			isa = PBXFrameworksBuildPhase;
			buildActionMask = 2147483647;
			files = (
				458E1FB02848059F00F113AA /* ApolloAPI in Frameworks */,
				458E1FB22848059F00F113AA /* ApolloCodegenLib in Frameworks */,
				458E1FAE2848059F00F113AA /* Apollo in Frameworks */,
			);
			runOnlyForDeploymentPostprocessing = 0;
		};
		45D8AE092847FE9300F5D4E6 /* Frameworks */ = {
			isa = PBXFrameworksBuildPhase;
			buildActionMask = 2147483647;
			files = (
			);
			runOnlyForDeploymentPostprocessing = 0;
		};
		45D8AE132847FE9300F5D4E6 /* Frameworks */ = {
			isa = PBXFrameworksBuildPhase;
			buildActionMask = 2147483647;
			files = (
			);
			runOnlyForDeploymentPostprocessing = 0;
		};
/* End PBXFrameworksBuildPhase section */

/* Begin PBXGroup section */
		458E1F932847FF2100F113AA /* Modules */ = {
			isa = PBXGroup;
			children = (
				459FDDEA28494DC400694C43 /* PokemonDetails */,
				459FDDD22848463F00694C43 /* PokemonList */,
			);
			path = Modules;
			sourceTree = "<group>";
		};
		458E1F942847FF2A00F113AA /* Network */ = {
			isa = PBXGroup;
			children = (
				458E1FB528480E3400F113AA /* Services */,
				458E1F962847FF7000F113AA /* GraphQL */,
				458E1FBE284817DB00F113AA /* NetworkError.swift */,
			);
			path = Network;
			sourceTree = "<group>";
		};
		458E1F952847FF3400F113AA /* Extensions */ = {
			isa = PBXGroup;
			children = (
				459FDDD728485AFA00694C43 /* View+Extension.swift */,
				459FDDD92848673A00694C43 /* Color+Extension.swift */,
				459FDDE32849009000694C43 /* Int+Extension.swift */,
				459FDDF228496B6600694C43 /* UINavigationController+Extension.swift */,
			);
			path = Extensions;
			sourceTree = "<group>";
		};
		458E1F962847FF7000F113AA /* GraphQL */ = {
			isa = PBXGroup;
			children = (
				458E1FB32848077500F113AA /* API.swift */,
				458E1FA2284800A600F113AA /* schema.json */,
				458E1F992847FFAB00F113AA /* Queries.graphql */,
			);
			path = GraphQL;
			sourceTree = "<group>";
		};
		458E1FB528480E3400F113AA /* Services */ = {
			isa = PBXGroup;
			children = (
				458E1FC028481CB600F113AA /* Models */,
				458E1FBD284812D400F113AA /* Restful */,
				458E1FBC284812B500F113AA /* Apollo */,
			);
			path = Services;
			sourceTree = "<group>";
		};
		458E1FBC284812B500F113AA /* Apollo */ = {
			isa = PBXGroup;
			children = (
				458E1F972847FF9200F113AA /* ApolloService.swift */,
				458E1FB828480EDD00F113AA /* PokemonListService.swift */,
			);
			path = Apollo;
			sourceTree = "<group>";
		};
		458E1FBD284812D400F113AA /* Restful */ = {
			isa = PBXGroup;
			children = (
				458E1FBA28480EED00F113AA /* PokemonDetailsService.swift */,
				45AB500B2848408A00A0511E /* RestfulService.swift */,
			);
			path = Restful;
			sourceTree = "<group>";
		};
		458E1FC028481CB600F113AA /* Models */ = {
			isa = PBXGroup;
			children = (
				45AB500D2848434600A0511E /* PokemonDetailsResponse.swift */,
				459FDDDD2848769D00694C43 /* PokemonListResponse.swift */,
			);
			path = Models;
			sourceTree = "<group>";
		};
		459FDDD22848463F00694C43 /* PokemonList */ = {
			isa = PBXGroup;
			children = (
				459FDDE22848FC6800694C43 /* Model */,
				459FDDD32848465000694C43 /* View */,
				459FDDDF284880EC00694C43 /* ViewModel */,
			);
			path = PokemonList;
			sourceTree = "<group>";
		};
		459FDDD32848465000694C43 /* View */ = {
			isa = PBXGroup;
			children = (
				459FDDD42848466C00694C43 /* PokemonCell.swift */,
				459FDDE828490B1400694C43 /* PokemonListView.swift */,
			);
			path = View;
			sourceTree = "<group>";
		};
		459FDDDF284880EC00694C43 /* ViewModel */ = {
			isa = PBXGroup;
			children = (
				459FDDE0284880FD00694C43 /* PokemonListViewModel.swift */,
			);
			path = ViewModel;
			sourceTree = "<group>";
		};
		459FDDE22848FC6800694C43 /* Model */ = {
			isa = PBXGroup;
			children = (
				458E1FC128481CD800F113AA /* PokemonDex.swift */,
			);
			path = Model;
			sourceTree = "<group>";
		};
		459FDDE52849045D00694C43 /* UI */ = {
			isa = PBXGroup;
			children = (
				459FDDE62849047000694C43 /* Avatar.swift */,
				459FDDF028495AF800694C43 /* RoundedCorner.swift */,
			);
			path = UI;
			sourceTree = "<group>";
		};
		459FDDEA28494DC400694C43 /* PokemonDetails */ = {
			isa = PBXGroup;
			children = (
				459FDDF528496E2300694C43 /* Model */,
				459FDDF428496E1D00694C43 /* ViewModel */,
				459FDDEB28494DD200694C43 /* View */,
			);
			path = PokemonDetails;
			sourceTree = "<group>";
		};
		459FDDEB28494DD200694C43 /* View */ = {
			isa = PBXGroup;
			children = (
				459FDDEE2849579D00694C43 /* PokemonDetailsView.swift */,
			);
			path = View;
			sourceTree = "<group>";
		};
		459FDDF428496E1D00694C43 /* ViewModel */ = {
			isa = PBXGroup;
			children = (
				459FDDF628496E3500694C43 /* PokemonDetailsViewModel.swift */,
			);
			path = ViewModel;
			sourceTree = "<group>";
		};
		459FDDF528496E2300694C43 /* Model */ = {
			isa = PBXGroup;
			children = (
				459FDDF828496E6000694C43 /* Pokemon.swift */,
			);
			path = Model;
			sourceTree = "<group>";
		};
		45D8ADF32847FE9000F5D4E6 = {
			isa = PBXGroup;
			children = (
				45D8ADFE2847FE9000F5D4E6 /* Pokemon */,
				45D8AE0F2847FE9300F5D4E6 /* PokemonTests */,
				45D8AE192847FE9300F5D4E6 /* PokemonUITests */,
				45D8ADFD2847FE9000F5D4E6 /* Products */,
			);
			sourceTree = "<group>";
		};
		45D8ADFD2847FE9000F5D4E6 /* Products */ = {
			isa = PBXGroup;
			children = (
				45D8ADFC2847FE9000F5D4E6 /* Pokemon.app */,
				45D8AE0C2847FE9300F5D4E6 /* PokemonTests.xctest */,
				45D8AE162847FE9300F5D4E6 /* PokemonUITests.xctest */,
			);
			name = Products;
			sourceTree = "<group>";
		};
		45D8ADFE2847FE9000F5D4E6 /* Pokemon */ = {
			isa = PBXGroup;
			children = (
				459FDDE52849045D00694C43 /* UI */,
				458E1F952847FF3400F113AA /* Extensions */,
				458E1F942847FF2A00F113AA /* Network */,
				458E1F932847FF2100F113AA /* Modules */,
				45D8ADFF2847FE9000F5D4E6 /* PokemonApp.swift */,
				45D8AE012847FE9000F5D4E6 /* ContentView.swift */,
				45D8AE032847FE9200F5D4E6 /* Assets.xcassets */,
				45D8AE052847FE9200F5D4E6 /* Preview Content */,
			);
			path = Pokemon;
			sourceTree = "<group>";
		};
		45D8AE052847FE9200F5D4E6 /* Preview Content */ = {
			isa = PBXGroup;
			children = (
				45D8AE062847FE9200F5D4E6 /* Preview Assets.xcassets */,
			);
			path = "Preview Content";
			sourceTree = "<group>";
		};
		45D8AE0F2847FE9300F5D4E6 /* PokemonTests */ = {
			isa = PBXGroup;
			children = (
				45D8AE102847FE9300F5D4E6 /* PokemonTests.swift */,
			);
			path = PokemonTests;
			sourceTree = "<group>";
		};
		45D8AE192847FE9300F5D4E6 /* PokemonUITests */ = {
			isa = PBXGroup;
			children = (
				45D8AE1A2847FE9300F5D4E6 /* PokemonUITests.swift */,
				45D8AE1C2847FE9300F5D4E6 /* PokemonUITestsLaunchTests.swift */,
			);
			path = PokemonUITests;
			sourceTree = "<group>";
		};
/* End PBXGroup section */

/* Begin PBXNativeTarget section */
		45D8ADFB2847FE9000F5D4E6 /* Pokemon */ = {
			isa = PBXNativeTarget;
			buildConfigurationList = 45D8AE202847FE9300F5D4E6 /* Build configuration list for PBXNativeTarget "Pokemon" */;
			buildPhases = (
				458E1FA42848016F00F113AA /* Generate Apollo GraphQL API */,
				45D8ADF82847FE9000F5D4E6 /* Sources */,
				45D8ADF92847FE9000F5D4E6 /* Frameworks */,
				45D8ADFA2847FE9000F5D4E6 /* Resources */,
			);
			buildRules = (
			);
			dependencies = (
			);
			name = Pokemon;
			packageProductDependencies = (
				458E1FAD2848059F00F113AA /* Apollo */,
				458E1FAF2848059F00F113AA /* ApolloAPI */,
				458E1FB12848059F00F113AA /* ApolloCodegenLib */,
			);
			productName = Pokemon;
			productReference = 45D8ADFC2847FE9000F5D4E6 /* Pokemon.app */;
			productType = "com.apple.product-type.application";
		};
		45D8AE0B2847FE9300F5D4E6 /* PokemonTests */ = {
			isa = PBXNativeTarget;
			buildConfigurationList = 45D8AE232847FE9300F5D4E6 /* Build configuration list for PBXNativeTarget "PokemonTests" */;
			buildPhases = (
				45D8AE082847FE9300F5D4E6 /* Sources */,
				45D8AE092847FE9300F5D4E6 /* Frameworks */,
				45D8AE0A2847FE9300F5D4E6 /* Resources */,
			);
			buildRules = (
			);
			dependencies = (
				45D8AE0E2847FE9300F5D4E6 /* PBXTargetDependency */,
			);
			name = PokemonTests;
			productName = PokemonTests;
			productReference = 45D8AE0C2847FE9300F5D4E6 /* PokemonTests.xctest */;
			productType = "com.apple.product-type.bundle.unit-test";
		};
		45D8AE152847FE9300F5D4E6 /* PokemonUITests */ = {
			isa = PBXNativeTarget;
			buildConfigurationList = 45D8AE262847FE9300F5D4E6 /* Build configuration list for PBXNativeTarget "PokemonUITests" */;
			buildPhases = (
				45D8AE122847FE9300F5D4E6 /* Sources */,
				45D8AE132847FE9300F5D4E6 /* Frameworks */,
				45D8AE142847FE9300F5D4E6 /* Resources */,
			);
			buildRules = (
			);
			dependencies = (
				45D8AE182847FE9300F5D4E6 /* PBXTargetDependency */,
			);
			name = PokemonUITests;
			productName = PokemonUITests;
			productReference = 45D8AE162847FE9300F5D4E6 /* PokemonUITests.xctest */;
			productType = "com.apple.product-type.bundle.ui-testing";
		};
/* End PBXNativeTarget section */

/* Begin PBXProject section */
		45D8ADF42847FE9000F5D4E6 /* Project object */ = {
			isa = PBXProject;
			attributes = {
				BuildIndependentTargetsInParallel = 1;
				LastSwiftUpdateCheck = 1320;
				LastUpgradeCheck = 1320;
				TargetAttributes = {
					45D8ADFB2847FE9000F5D4E6 = {
						CreatedOnToolsVersion = 13.2.1;
					};
					45D8AE0B2847FE9300F5D4E6 = {
						CreatedOnToolsVersion = 13.2.1;
						TestTargetID = 45D8ADFB2847FE9000F5D4E6;
					};
					45D8AE152847FE9300F5D4E6 = {
						CreatedOnToolsVersion = 13.2.1;
						TestTargetID = 45D8ADFB2847FE9000F5D4E6;
					};
				};
			};
			buildConfigurationList = 45D8ADF72847FE9000F5D4E6 /* Build configuration list for PBXProject "Pokemon" */;
			compatibilityVersion = "Xcode 13.0";
			developmentRegion = en;
			hasScannedForEncodings = 0;
			knownRegions = (
				en,
				Base,
			);
			mainGroup = 45D8ADF32847FE9000F5D4E6;
			packageReferences = (
				458E1FAC2848059F00F113AA /* XCRemoteSwiftPackageReference "apollo-ios" */,
			);
			productRefGroup = 45D8ADFD2847FE9000F5D4E6 /* Products */;
			projectDirPath = "";
			projectRoot = "";
			targets = (
				45D8ADFB2847FE9000F5D4E6 /* Pokemon */,
				45D8AE0B2847FE9300F5D4E6 /* PokemonTests */,
				45D8AE152847FE9300F5D4E6 /* PokemonUITests */,
			);
		};
/* End PBXProject section */

/* Begin PBXResourcesBuildPhase section */
		45D8ADFA2847FE9000F5D4E6 /* Resources */ = {
			isa = PBXResourcesBuildPhase;
			buildActionMask = 2147483647;
			files = (
				458E1FA3284800A600F113AA /* schema.json in Resources */,
				458E1F9A2847FFAB00F113AA /* Queries.graphql in Resources */,
				45D8AE072847FE9200F5D4E6 /* Preview Assets.xcassets in Resources */,
				45D8AE042847FE9200F5D4E6 /* Assets.xcassets in Resources */,
			);
			runOnlyForDeploymentPostprocessing = 0;
		};
		45D8AE0A2847FE9300F5D4E6 /* Resources */ = {
			isa = PBXResourcesBuildPhase;
			buildActionMask = 2147483647;
			files = (
			);
			runOnlyForDeploymentPostprocessing = 0;
		};
		45D8AE142847FE9300F5D4E6 /* Resources */ = {
			isa = PBXResourcesBuildPhase;
			buildActionMask = 2147483647;
			files = (
			);
			runOnlyForDeploymentPostprocessing = 0;
		};
/* End PBXResourcesBuildPhase section */

/* Begin PBXShellScriptBuildPhase section */
		458E1FA42848016F00F113AA /* Generate Apollo GraphQL API */ = {
			isa = PBXShellScriptBuildPhase;
			buildActionMask = 2147483647;
			files = (
			);
			inputFileListPaths = (
			);
			inputPaths = (
			);
			name = "Generate Apollo GraphQL API";
			outputFileListPaths = (
			);
			outputPaths = (
			);
			runOnlyForDeploymentPostprocessing = 0;
			shellPath = /bin/sh;
			shellScript = "# Don't run this during index builds\nif [ $ACTION = \"indexbuild\" ]; then exit 0; fi\n\n# Go to the build root and search up the chain to find the Derived Data Path where the source packages are checked out.\nDERIVED_DATA_CANDIDATE=\"${BUILD_ROOT}\"\n\nwhile ! [ -d \"${DERIVED_DATA_CANDIDATE}/SourcePackages\" ]; do\n  if [ \"${DERIVED_DATA_CANDIDATE}\" = / ]; then\n    echo >&2 \"error: Unable to locate SourcePackages directory from BUILD_ROOT: '${BUILD_ROOT}'\"\n    exit 1\n  fi\n\n  DERIVED_DATA_CANDIDATE=\"$(dirname \"${DERIVED_DATA_CANDIDATE}\")\"\ndone\n\n# Grab a reference to the directory where scripts are checked out\nSCRIPT_PATH=\"${DERIVED_DATA_CANDIDATE}/SourcePackages/checkouts/apollo-ios/scripts\"\n\nif [ -z \"${SCRIPT_PATH}\" ]; then\n    echo >&2 \"error: Couldn't find the CLI script in your checked out SPM packages; make sure to add the framework to your project.\"\n    exit 1\nfi\n\ncd \"${SRCROOT}/${TARGET_NAME}\"\n\"${SCRIPT_PATH}\"/run-bundled-codegen.sh codegen:generate --target=swift --includes=./**/*.graphql --localSchemaFile=\"./Network/GraphQL/schema.json\" ./Network/GraphQL/API.swift\n";
		};
/* End PBXShellScriptBuildPhase section */

/* Begin PBXSourcesBuildPhase section */
		45D8ADF82847FE9000F5D4E6 /* Sources */ = {
			isa = PBXSourcesBuildPhase;
			buildActionMask = 2147483647;
			files = (
				458E1FBB28480EED00F113AA /* PokemonDetailsService.swift in Sources */,
				45AB500E2848434600A0511E /* PokemonDetailsResponse.swift in Sources */,
				459FDDD52848466C00694C43 /* PokemonCell.swift in Sources */,
				459FDDE42849009000694C43 /* Int+Extension.swift in Sources */,
				458E1FC228481CD800F113AA /* PokemonDex.swift in Sources */,
				458E1FBF284817DB00F113AA /* NetworkError.swift in Sources */,
				45D8AE022847FE9000F5D4E6 /* ContentView.swift in Sources */,
				459FDDE1284880FD00694C43 /* PokemonListViewModel.swift in Sources */,
				458E1F982847FF9200F113AA /* ApolloService.swift in Sources */,
				459FDDDE2848769D00694C43 /* PokemonListResponse.swift in Sources */,
				459FDDE928490B1400694C43 /* PokemonListView.swift in Sources */,
				459FDDF328496B6600694C43 /* UINavigationController+Extension.swift in Sources */,
				459FDDF928496E6000694C43 /* Pokemon.swift in Sources */,
				45AB500C2848408A00A0511E /* RestfulService.swift in Sources */,
				459FDDF728496E3500694C43 /* PokemonDetailsViewModel.swift in Sources */,
				459FDDF128495AF800694C43 /* RoundedCorner.swift in Sources */,
				459FDDE72849047000694C43 /* Avatar.swift in Sources */,
				458E1FB928480EDD00F113AA /* PokemonListService.swift in Sources */,
				458E1FB42848077500F113AA /* API.swift in Sources */,
				459FDDD828485AFA00694C43 /* View+Extension.swift in Sources */,
				459FDDEF2849579D00694C43 /* PokemonDetailsView.swift in Sources */,
				45D8AE002847FE9000F5D4E6 /* PokemonApp.swift in Sources */,
				459FDDDA2848673A00694C43 /* Color+Extension.swift in Sources */,
			);
			runOnlyForDeploymentPostprocessing = 0;
		};
		45D8AE082847FE9300F5D4E6 /* Sources */ = {
			isa = PBXSourcesBuildPhase;
			buildActionMask = 2147483647;
			files = (
				45D8AE112847FE9300F5D4E6 /* PokemonTests.swift in Sources */,
			);
			runOnlyForDeploymentPostprocessing = 0;
		};
		45D8AE122847FE9300F5D4E6 /* Sources */ = {
			isa = PBXSourcesBuildPhase;
			buildActionMask = 2147483647;
			files = (
				45D8AE1D2847FE9300F5D4E6 /* PokemonUITestsLaunchTests.swift in Sources */,
				45D8AE1B2847FE9300F5D4E6 /* PokemonUITests.swift in Sources */,
			);
			runOnlyForDeploymentPostprocessing = 0;
		};
/* End PBXSourcesBuildPhase section */

/* Begin PBXTargetDependency section */
		45D8AE0E2847FE9300F5D4E6 /* PBXTargetDependency */ = {
			isa = PBXTargetDependency;
			target = 45D8ADFB2847FE9000F5D4E6 /* Pokemon */;
			targetProxy = 45D8AE0D2847FE9300F5D4E6 /* PBXContainerItemProxy */;
		};
		45D8AE182847FE9300F5D4E6 /* PBXTargetDependency */ = {
			isa = PBXTargetDependency;
			target = 45D8ADFB2847FE9000F5D4E6 /* Pokemon */;
			targetProxy = 45D8AE172847FE9300F5D4E6 /* PBXContainerItemProxy */;
		};
/* End PBXTargetDependency section */

/* Begin XCBuildConfiguration section */
		45D8AE1E2847FE9300F5D4E6 /* Debug */ = {
			isa = XCBuildConfiguration;
			buildSettings = {
				ALWAYS_SEARCH_USER_PATHS = NO;
				CLANG_ANALYZER_NONNULL = YES;
				CLANG_ANALYZER_NUMBER_OBJECT_CONVERSION = YES_AGGRESSIVE;
				CLANG_CXX_LANGUAGE_STANDARD = "gnu++17";
				CLANG_ENABLE_MODULES = YES;
				CLANG_ENABLE_OBJC_ARC = YES;
				CLANG_ENABLE_OBJC_WEAK = YES;
				CLANG_WARN_BLOCK_CAPTURE_AUTORELEASING = YES;
				CLANG_WARN_BOOL_CONVERSION = YES;
				CLANG_WARN_COMMA = YES;
				CLANG_WARN_CONSTANT_CONVERSION = YES;
				CLANG_WARN_DEPRECATED_OBJC_IMPLEMENTATIONS = YES;
				CLANG_WARN_DIRECT_OBJC_ISA_USAGE = YES_ERROR;
				CLANG_WARN_DOCUMENTATION_COMMENTS = YES;
				CLANG_WARN_EMPTY_BODY = YES;
				CLANG_WARN_ENUM_CONVERSION = YES;
				CLANG_WARN_INFINITE_RECURSION = YES;
				CLANG_WARN_INT_CONVERSION = YES;
				CLANG_WARN_NON_LITERAL_NULL_CONVERSION = YES;
				CLANG_WARN_OBJC_IMPLICIT_RETAIN_SELF = YES;
				CLANG_WARN_OBJC_LITERAL_CONVERSION = YES;
				CLANG_WARN_OBJC_ROOT_CLASS = YES_ERROR;
				CLANG_WARN_QUOTED_INCLUDE_IN_FRAMEWORK_HEADER = YES;
				CLANG_WARN_RANGE_LOOP_ANALYSIS = YES;
				CLANG_WARN_STRICT_PROTOTYPES = YES;
				CLANG_WARN_SUSPICIOUS_MOVE = YES;
				CLANG_WARN_UNGUARDED_AVAILABILITY = YES_AGGRESSIVE;
				CLANG_WARN_UNREACHABLE_CODE = YES;
				CLANG_WARN__DUPLICATE_METHOD_MATCH = YES;
				COPY_PHASE_STRIP = NO;
				DEBUG_INFORMATION_FORMAT = dwarf;
				ENABLE_STRICT_OBJC_MSGSEND = YES;
				ENABLE_TESTABILITY = YES;
				GCC_C_LANGUAGE_STANDARD = gnu11;
				GCC_DYNAMIC_NO_PIC = NO;
				GCC_NO_COMMON_BLOCKS = YES;
				GCC_OPTIMIZATION_LEVEL = 0;
				GCC_PREPROCESSOR_DEFINITIONS = (
					"DEBUG=1",
					"$(inherited)",
				);
				GCC_WARN_64_TO_32_BIT_CONVERSION = YES;
				GCC_WARN_ABOUT_RETURN_TYPE = YES_ERROR;
				GCC_WARN_UNDECLARED_SELECTOR = YES;
				GCC_WARN_UNINITIALIZED_AUTOS = YES_AGGRESSIVE;
				GCC_WARN_UNUSED_FUNCTION = YES;
				GCC_WARN_UNUSED_VARIABLE = YES;
				IPHONEOS_DEPLOYMENT_TARGET = 15.2;
				MTL_ENABLE_DEBUG_INFO = INCLUDE_SOURCE;
				MTL_FAST_MATH = YES;
				ONLY_ACTIVE_ARCH = YES;
				SDKROOT = iphoneos;
				SWIFT_ACTIVE_COMPILATION_CONDITIONS = DEBUG;
				SWIFT_OPTIMIZATION_LEVEL = "-Onone";
			};
			name = Debug;
		};
		45D8AE1F2847FE9300F5D4E6 /* Release */ = {
			isa = XCBuildConfiguration;
			buildSettings = {
				ALWAYS_SEARCH_USER_PATHS = NO;
				CLANG_ANALYZER_NONNULL = YES;
				CLANG_ANALYZER_NUMBER_OBJECT_CONVERSION = YES_AGGRESSIVE;
				CLANG_CXX_LANGUAGE_STANDARD = "gnu++17";
				CLANG_ENABLE_MODULES = YES;
				CLANG_ENABLE_OBJC_ARC = YES;
				CLANG_ENABLE_OBJC_WEAK = YES;
				CLANG_WARN_BLOCK_CAPTURE_AUTORELEASING = YES;
				CLANG_WARN_BOOL_CONVERSION = YES;
				CLANG_WARN_COMMA = YES;
				CLANG_WARN_CONSTANT_CONVERSION = YES;
				CLANG_WARN_DEPRECATED_OBJC_IMPLEMENTATIONS = YES;
				CLANG_WARN_DIRECT_OBJC_ISA_USAGE = YES_ERROR;
				CLANG_WARN_DOCUMENTATION_COMMENTS = YES;
				CLANG_WARN_EMPTY_BODY = YES;
				CLANG_WARN_ENUM_CONVERSION = YES;
				CLANG_WARN_INFINITE_RECURSION = YES;
				CLANG_WARN_INT_CONVERSION = YES;
				CLANG_WARN_NON_LITERAL_NULL_CONVERSION = YES;
				CLANG_WARN_OBJC_IMPLICIT_RETAIN_SELF = YES;
				CLANG_WARN_OBJC_LITERAL_CONVERSION = YES;
				CLANG_WARN_OBJC_ROOT_CLASS = YES_ERROR;
				CLANG_WARN_QUOTED_INCLUDE_IN_FRAMEWORK_HEADER = YES;
				CLANG_WARN_RANGE_LOOP_ANALYSIS = YES;
				CLANG_WARN_STRICT_PROTOTYPES = YES;
				CLANG_WARN_SUSPICIOUS_MOVE = YES;
				CLANG_WARN_UNGUARDED_AVAILABILITY = YES_AGGRESSIVE;
				CLANG_WARN_UNREACHABLE_CODE = YES;
				CLANG_WARN__DUPLICATE_METHOD_MATCH = YES;
				COPY_PHASE_STRIP = NO;
				DEBUG_INFORMATION_FORMAT = "dwarf-with-dsym";
				ENABLE_NS_ASSERTIONS = NO;
				ENABLE_STRICT_OBJC_MSGSEND = YES;
				GCC_C_LANGUAGE_STANDARD = gnu11;
				GCC_NO_COMMON_BLOCKS = YES;
				GCC_WARN_64_TO_32_BIT_CONVERSION = YES;
				GCC_WARN_ABOUT_RETURN_TYPE = YES_ERROR;
				GCC_WARN_UNDECLARED_SELECTOR = YES;
				GCC_WARN_UNINITIALIZED_AUTOS = YES_AGGRESSIVE;
				GCC_WARN_UNUSED_FUNCTION = YES;
				GCC_WARN_UNUSED_VARIABLE = YES;
				IPHONEOS_DEPLOYMENT_TARGET = 15.2;
				MTL_ENABLE_DEBUG_INFO = NO;
				MTL_FAST_MATH = YES;
				SDKROOT = iphoneos;
				SWIFT_COMPILATION_MODE = wholemodule;
				SWIFT_OPTIMIZATION_LEVEL = "-O";
				VALIDATE_PRODUCT = YES;
			};
			name = Release;
		};
		45D8AE212847FE9300F5D4E6 /* Debug */ = {
			isa = XCBuildConfiguration;
			buildSettings = {
				ASSETCATALOG_COMPILER_APPICON_NAME = AppIcon;
				ASSETCATALOG_COMPILER_GLOBAL_ACCENT_COLOR_NAME = AccentColor;
				CODE_SIGN_STYLE = Automatic;
				CURRENT_PROJECT_VERSION = 1;
				DEVELOPMENT_ASSET_PATHS = "\"Pokemon/Preview Content\"";
				DEVELOPMENT_TEAM = W785CT8972;
				ENABLE_HARDENED_RUNTIME = YES;
				ENABLE_PREVIEWS = YES;
				GENERATE_INFOPLIST_FILE = YES;
				INFOPLIST_KEY_UIApplicationSceneManifest_Generation = YES;
				INFOPLIST_KEY_UIApplicationSupportsIndirectInputEvents = YES;
				INFOPLIST_KEY_UILaunchScreen_Generation = YES;
				INFOPLIST_KEY_UISupportedInterfaceOrientations_iPad = "UIInterfaceOrientationPortrait UIInterfaceOrientationPortraitUpsideDown UIInterfaceOrientationLandscapeLeft UIInterfaceOrientationLandscapeRight";
				INFOPLIST_KEY_UISupportedInterfaceOrientations_iPhone = "UIInterfaceOrientationPortrait UIInterfaceOrientationLandscapeLeft UIInterfaceOrientationLandscapeRight";
				LD_RUNPATH_SEARCH_PATHS = (
					"$(inherited)",
					"@executable_path/Frameworks",
				);
				MARKETING_VERSION = 1.0;
				PRODUCT_BUNDLE_IDENTIFIER = ravn.Pokemon;
				PRODUCT_NAME = "$(TARGET_NAME)";
				SWIFT_EMIT_LOC_STRINGS = YES;
				SWIFT_VERSION = 5.0;
				TARGETED_DEVICE_FAMILY = "1,2";
			};
			name = Debug;
		};
		45D8AE222847FE9300F5D4E6 /* Release */ = {
			isa = XCBuildConfiguration;
			buildSettings = {
				ASSETCATALOG_COMPILER_APPICON_NAME = AppIcon;
				ASSETCATALOG_COMPILER_GLOBAL_ACCENT_COLOR_NAME = AccentColor;
				CODE_SIGN_STYLE = Automatic;
				CURRENT_PROJECT_VERSION = 1;
				DEVELOPMENT_ASSET_PATHS = "\"Pokemon/Preview Content\"";
				DEVELOPMENT_TEAM = W785CT8972;
				ENABLE_HARDENED_RUNTIME = YES;
				ENABLE_PREVIEWS = YES;
				GENERATE_INFOPLIST_FILE = YES;
				INFOPLIST_KEY_UIApplicationSceneManifest_Generation = YES;
				INFOPLIST_KEY_UIApplicationSupportsIndirectInputEvents = YES;
				INFOPLIST_KEY_UILaunchScreen_Generation = YES;
				INFOPLIST_KEY_UISupportedInterfaceOrientations_iPad = "UIInterfaceOrientationPortrait UIInterfaceOrientationPortraitUpsideDown UIInterfaceOrientationLandscapeLeft UIInterfaceOrientationLandscapeRight";
				INFOPLIST_KEY_UISupportedInterfaceOrientations_iPhone = "UIInterfaceOrientationPortrait UIInterfaceOrientationLandscapeLeft UIInterfaceOrientationLandscapeRight";
				LD_RUNPATH_SEARCH_PATHS = (
					"$(inherited)",
					"@executable_path/Frameworks",
				);
				MARKETING_VERSION = 1.0;
				PRODUCT_BUNDLE_IDENTIFIER = ravn.Pokemon;
				PRODUCT_NAME = "$(TARGET_NAME)";
				SWIFT_EMIT_LOC_STRINGS = YES;
				SWIFT_VERSION = 5.0;
				TARGETED_DEVICE_FAMILY = "1,2";
			};
			name = Release;
		};
		45D8AE242847FE9300F5D4E6 /* Debug */ = {
			isa = XCBuildConfiguration;
			buildSettings = {
				ALWAYS_EMBED_SWIFT_STANDARD_LIBRARIES = YES;
				BUNDLE_LOADER = "$(TEST_HOST)";
				CODE_SIGN_STYLE = Automatic;
				CURRENT_PROJECT_VERSION = 1;
				DEVELOPMENT_TEAM = W785CT8972;
				GENERATE_INFOPLIST_FILE = YES;
				IPHONEOS_DEPLOYMENT_TARGET = 15.2;
				MARKETING_VERSION = 1.0;
				PRODUCT_BUNDLE_IDENTIFIER = ravn.PokemonTests;
				PRODUCT_NAME = "$(TARGET_NAME)";
				SWIFT_EMIT_LOC_STRINGS = NO;
				SWIFT_VERSION = 5.0;
				TARGETED_DEVICE_FAMILY = "1,2";
				TEST_HOST = "$(BUILT_PRODUCTS_DIR)/Pokemon.app/Contents/MacOS/Pokemon";
			};
			name = Debug;
		};
		45D8AE252847FE9300F5D4E6 /* Release */ = {
			isa = XCBuildConfiguration;
			buildSettings = {
				ALWAYS_EMBED_SWIFT_STANDARD_LIBRARIES = YES;
				BUNDLE_LOADER = "$(TEST_HOST)";
				CODE_SIGN_STYLE = Automatic;
				CURRENT_PROJECT_VERSION = 1;
				DEVELOPMENT_TEAM = W785CT8972;
				GENERATE_INFOPLIST_FILE = YES;
				IPHONEOS_DEPLOYMENT_TARGET = 15.2;
				MARKETING_VERSION = 1.0;
				PRODUCT_BUNDLE_IDENTIFIER = ravn.PokemonTests;
				PRODUCT_NAME = "$(TARGET_NAME)";
				SWIFT_EMIT_LOC_STRINGS = NO;
				SWIFT_VERSION = 5.0;
				TARGETED_DEVICE_FAMILY = "1,2";
				TEST_HOST = "$(BUILT_PRODUCTS_DIR)/Pokemon.app/Contents/MacOS/Pokemon";
			};
			name = Release;
		};
		45D8AE272847FE9300F5D4E6 /* Debug */ = {
			isa = XCBuildConfiguration;
			buildSettings = {
				ALWAYS_EMBED_SWIFT_STANDARD_LIBRARIES = YES;
				CODE_SIGN_STYLE = Automatic;
				CURRENT_PROJECT_VERSION = 1;
				DEVELOPMENT_TEAM = W785CT8972;
				GENERATE_INFOPLIST_FILE = YES;
				MARKETING_VERSION = 1.0;
				PRODUCT_BUNDLE_IDENTIFIER = ravn.PokemonUITests;
				PRODUCT_NAME = "$(TARGET_NAME)";
				SWIFT_EMIT_LOC_STRINGS = NO;
				SWIFT_VERSION = 5.0;
				TARGETED_DEVICE_FAMILY = "1,2";
				TEST_TARGET_NAME = Pokemon;
			};
			name = Debug;
		};
		45D8AE282847FE9300F5D4E6 /* Release */ = {
			isa = XCBuildConfiguration;
			buildSettings = {
				ALWAYS_EMBED_SWIFT_STANDARD_LIBRARIES = YES;
				CODE_SIGN_STYLE = Automatic;
				CURRENT_PROJECT_VERSION = 1;
				DEVELOPMENT_TEAM = W785CT8972;
				GENERATE_INFOPLIST_FILE = YES;
				MARKETING_VERSION = 1.0;
				PRODUCT_BUNDLE_IDENTIFIER = ravn.PokemonUITests;
				PRODUCT_NAME = "$(TARGET_NAME)";
				SWIFT_EMIT_LOC_STRINGS = NO;
				SWIFT_VERSION = 5.0;
				TARGETED_DEVICE_FAMILY = "1,2";
				TEST_TARGET_NAME = Pokemon;
			};
			name = Release;
		};
/* End XCBuildConfiguration section */

/* Begin XCConfigurationList section */
		45D8ADF72847FE9000F5D4E6 /* Build configuration list for PBXProject "Pokemon" */ = {
			isa = XCConfigurationList;
			buildConfigurations = (
				45D8AE1E2847FE9300F5D4E6 /* Debug */,
				45D8AE1F2847FE9300F5D4E6 /* Release */,
			);
			defaultConfigurationIsVisible = 0;
			defaultConfigurationName = Release;
		};
		45D8AE202847FE9300F5D4E6 /* Build configuration list for PBXNativeTarget "Pokemon" */ = {
			isa = XCConfigurationList;
			buildConfigurations = (
				45D8AE212847FE9300F5D4E6 /* Debug */,
				45D8AE222847FE9300F5D4E6 /* Release */,
			);
			defaultConfigurationIsVisible = 0;
			defaultConfigurationName = Release;
		};
		45D8AE232847FE9300F5D4E6 /* Build configuration list for PBXNativeTarget "PokemonTests" */ = {
			isa = XCConfigurationList;
			buildConfigurations = (
				45D8AE242847FE9300F5D4E6 /* Debug */,
				45D8AE252847FE9300F5D4E6 /* Release */,
			);
			defaultConfigurationIsVisible = 0;
			defaultConfigurationName = Release;
		};
		45D8AE262847FE9300F5D4E6 /* Build configuration list for PBXNativeTarget "PokemonUITests" */ = {
			isa = XCConfigurationList;
			buildConfigurations = (
				45D8AE272847FE9300F5D4E6 /* Debug */,
				45D8AE282847FE9300F5D4E6 /* Release */,
			);
			defaultConfigurationIsVisible = 0;
			defaultConfigurationName = Release;
		};
/* End XCConfigurationList section */

/* Begin XCRemoteSwiftPackageReference section */
		458E1FAC2848059F00F113AA /* XCRemoteSwiftPackageReference "apollo-ios" */ = {
			isa = XCRemoteSwiftPackageReference;
			repositoryURL = "https://github.com/apollographql/apollo-ios.git";
			requirement = {
				branch = main;
				kind = branch;
			};
		};
/* End XCRemoteSwiftPackageReference section */

/* Begin XCSwiftPackageProductDependency section */
		458E1FAD2848059F00F113AA /* Apollo */ = {
			isa = XCSwiftPackageProductDependency;
			package = 458E1FAC2848059F00F113AA /* XCRemoteSwiftPackageReference "apollo-ios" */;
			productName = Apollo;
		};
		458E1FAF2848059F00F113AA /* ApolloAPI */ = {
			isa = XCSwiftPackageProductDependency;
			package = 458E1FAC2848059F00F113AA /* XCRemoteSwiftPackageReference "apollo-ios" */;
			productName = ApolloAPI;
		};
		458E1FB12848059F00F113AA /* ApolloCodegenLib */ = {
			isa = XCSwiftPackageProductDependency;
			package = 458E1FAC2848059F00F113AA /* XCRemoteSwiftPackageReference "apollo-ios" */;
			productName = ApolloCodegenLib;
		};
/* End XCSwiftPackageProductDependency section */
	};
	rootObject = 45D8ADF42847FE9000F5D4E6 /* Project object */;
}
